// !$*UTF8*$!
{
	archiveVersion = 1;
	classes = {
	};
	objectVersion = 46;
	objects = {

/* Begin PBXBuildFile section */
		5674C784171A0F6B0046E9C2 /* main.c in Sources */ = {isa = PBXBuildFile; fileRef = 5674C783171A0F6B0046E9C2 /* main.c */; };
		5674C786171A0F6C0046E9C2 /* C_ARR.1 in CopyFiles */ = {isa = PBXBuildFile; fileRef = 5674C785171A0F6B0046E9C2 /* C_ARR.1 */; };
		56852F9C171CBA7900407225 /* C_ARR.c in Sources */ = {isa = PBXBuildFile; fileRef = 56852F9A171CBA7900407225 /* C_ARR.c */; };
/* End PBXBuildFile section */

/* Begin PBXCopyFilesBuildPhase section */
		5674C77E171A0F6B0046E9C2 /* CopyFiles */ = {
			isa = PBXCopyFilesBuildPhase;
			buildActionMask = 2147483647;
			dstPath = /usr/share/man/man1/;
			dstSubfolderSpec = 0;
			files = (
				5674C786171A0F6C0046E9C2 /* C_ARR.1 in CopyFiles */,
			);
			runOnlyForDeploymentPostprocessing = 1;
		};
/* End PBXCopyFilesBuildPhase section */

/* Begin PBXFileReference section */
		5674C780171A0F6B0046E9C2 /* C_ARR */ = {isa = PBXFileReference; explicitFileType = "compiled.mach-o.executable"; includeInIndex = 0; path = C_ARR; sourceTree = BUILT_PRODUCTS_DIR; };
		5674C783171A0F6B0046E9C2 /* main.c */ = {isa = PBXFileReference; lastKnownFileType = sourcecode.c.c; path = main.c; sourceTree = "<group>"; };
		5674C785171A0F6B0046E9C2 /* C_ARR.1 */ = {isa = PBXFileReference; lastKnownFileType = text.man; path = C_ARR.1; sourceTree = "<group>"; };
		56852F9A171CBA7900407225 /* C_ARR.c */ = {isa = PBXFileReference; fileEncoding = 4; lastKnownFileType = sourcecode.c.c; name = C_ARR.c; path = ../C_ARR.c; sourceTree = "<group>"; };
		56852F9B171CBA7900407225 /* C_ARR.h */ = {isa = PBXFileReference; fileEncoding = 4; lastKnownFileType = sourcecode.c.h; name = C_ARR.h; path = ../C_ARR.h; sourceTree = "<group>"; };
		56852F9D171CBAAD00407225 /* README.md */ = {isa = PBXFileReference; lastKnownFileType = text; name = README.md; path = ../README.md; sourceTree = "<group>"; };
/* End PBXFileReference section */

/* Begin PBXFrameworksBuildPhase section */
		5674C77D171A0F6B0046E9C2 /* Frameworks */ = {
			isa = PBXFrameworksBuildPhase;
			buildActionMask = 2147483647;
			files = (
			);
			runOnlyForDeploymentPostprocessing = 0;
		};
/* End PBXFrameworksBuildPhase section */

/* Begin PBXGroup section */
		5674C777171A0F6B0046E9C2 = {
			isa = PBXGroup;
			children = (
				56852F9D171CBAAD00407225 /* README.md */,
				56852F9A171CBA7900407225 /* C_ARR.c */,
				56852F9B171CBA7900407225 /* C_ARR.h */,
				5674C782171A0F6B0046E9C2 /* C_ARR */,
				5674C781171A0F6B0046E9C2 /* Products */,
			);
			sourceTree = "<group>";
		};
		5674C781171A0F6B0046E9C2 /* Products */ = {
			isa = PBXGroup;
			children = (
				5674C780171A0F6B0046E9C2 /* C_ARR */,
			);
			name = Products;
			sourceTree = "<group>";
		};
		5674C782171A0F6B0046E9C2 /* C_ARR */ = {
			isa = PBXGroup;
			children = (
				5674C783171A0F6B0046E9C2 /* main.c */,
				5674C785171A0F6B0046E9C2 /* C_ARR.1 */,
			);
			path = C_ARR;
			sourceTree = "<group>";
		};
/* End PBXGroup section */

/* Begin PBXNativeTarget section */
		5674C77F171A0F6B0046E9C2 /* C_ARR */ = {
			isa = PBXNativeTarget;
			buildConfigurationList = 5674C789171A0F6C0046E9C2 /* Build configuration list for PBXNativeTarget "C_ARR" */;
			buildPhases = (
				5674C77C171A0F6B0046E9C2 /* Sources */,
				5674C77D171A0F6B0046E9C2 /* Frameworks */,
				5674C77E171A0F6B0046E9C2 /* CopyFiles */,
			);
			buildRules = (
			);
			dependencies = (
			);
			name = C_ARR;
			productName = C_ARR;
			productReference = 5674C780171A0F6B0046E9C2 /* C_ARR */;
			productType = "com.apple.product-type.tool";
		};
/* End PBXNativeTarget section */

/* Begin PBXProject section */
		5674C778171A0F6B0046E9C2 /* Project object */ = {
			isa = PBXProject;
			attributes = {
				LastUpgradeCheck = 0460;
				ORGANIZATIONNAME = "Oguzhan Gungor";
			};
			buildConfigurationList = 5674C77B171A0F6B0046E9C2 /* Build configuration list for PBXProject "C_ARR" */;
			compatibilityVersion = "Xcode 3.2";
			developmentRegion = English;
			hasScannedForEncodings = 0;
			knownRegions = (
				en,
			);
			mainGroup = 5674C777171A0F6B0046E9C2;
			productRefGroup = 5674C781171A0F6B0046E9C2 /* Products */;
			projectDirPath = "";
			projectRoot = "";
			targets = (
				5674C77F171A0F6B0046E9C2 /* C_ARR */,
			);
		};
/* End PBXProject section */

/* Begin PBXSourcesBuildPhase section */
		5674C77C171A0F6B0046E9C2 /* Sources */ = {
			isa = PBXSourcesBuildPhase;
			buildActionMask = 2147483647;
			files = (
				5674C784171A0F6B0046E9C2 /* main.c in Sources */,
				56852F9C171CBA7900407225 /* C_ARR.c in Sources */,
			);
			runOnlyForDeploymentPostprocessing = 0;
		};
/* End PBXSourcesBuildPhase section */

/* Begin XCBuildConfiguration section */
		5674C787171A0F6C0046E9C2 /* Debug */ = {
			isa = XCBuildConfiguration;
			buildSettings = {
				ALWAYS_SEARCH_USER_PATHS = NO;
				ARCHS = "$(ARCHS_STANDARD_64_BIT)";
				CLANG_CXX_LANGUAGE_STANDARD = "gnu++0x";
				CLANG_CXX_LIBRARY = "libc++";
				CLANG_WARN_CONSTANT_CONVERSION = YES;
				CLANG_WARN_EMPTY_BODY = YES;
				CLANG_WARN_ENUM_CONVERSION = YES;
				CLANG_WARN_INT_CONVERSION = YES;
				CLANG_WARN__DUPLICATE_METHOD_MATCH = YES;
				COPY_PHASE_STRIP = NO;
				GCC_C_LANGUAGE_STANDARD = gnu99;
				GCC_DYNAMIC_NO_PIC = NO;
				GCC_ENABLE_OBJC_EXCEPTIONS = YES;
				GCC_OPTIMIZATION_LEVEL = 0;
				GCC_PREPROCESSOR_DEFINITIONS = (
					"DEBUG=1",
					"$(inherited)",
				);
				GCC_SYMBOLS_PRIVATE_EXTERN = NO;
				GCC_WARN_64_TO_32_BIT_CONVERSION = YES;
				GCC_WARN_ABOUT_RETURN_TYPE = YES;
				GCC_WARN_UNINITIALIZED_AUTOS = YES;
				GCC_WARN_UNUSED_VARIABLE = YES;
				MACOSX_DEPLOYMENT_TARGET = 10.8;
				ONLY_ACTIVE_ARCH = YES;
				SDKROOT = macosx;
			};
			name = Debug;
		};
		5674C788171A0F6C0046E9C2 /* Release */ = {
			isa = XCBuildConfiguration;
			buildSettings = {
				ALWAYS_SEARCH_USER_PATHS = NO;
				ARCHS = "$(ARCHS_STANDARD_64_BIT)";
				CLANG_CXX_LANGUAGE_STANDARD = "gnu++0x";
				CLANG_CXX_LIBRARY = "libc++";
				CLANG_WARN_CONSTANT_CONVERSION = YES;
				CLANG_WARN_EMPTY_BODY = YES;
				CLANG_WARN_ENUM_CONVERSION = YES;
				CLANG_WARN_INT_CONVERSION = YES;
				CLANG_WARN__DUPLICATE_METHOD_MATCH = YES;
				COPY_PHASE_STRIP = YES;
				DEBUG_INFORMATION_FORMAT = "dwarf-with-dsym";
				GCC_C_LANGUAGE_STANDARD = gnu99;
				GCC_ENABLE_OBJC_EXCEPTIONS = YES;
				GCC_WARN_64_TO_32_BIT_CONVERSION = YES;
				GCC_WARN_ABOUT_RETURN_TYPE = YES;
				GCC_WARN_UNINITIALIZED_AUTOS = YES;
				GCC_WARN_UNUSED_VARIABLE = YES;
				MACOSX_DEPLOYMENT_TARGET = 10.8;
				SDKROOT = macosx;
			};
			name = Release;
		};
		5674C78A171A0F6C0046E9C2 /* Debug */ = {
			isa = XCBuildConfiguration;
			buildSettings = {
				PRODUCT_NAME = "$(TARGET_NAME)";
			};
			name = Debug;
		};
		5674C78B171A0F6C0046E9C2 /* Release */ = {
			isa = XCBuildConfiguration;
			buildSettings = {
				PRODUCT_NAME = "$(TARGET_NAME)";
			};
			name = Release;
		};
/* End XCBuildConfiguration section */

/* Begin XCConfigurationList section */
		5674C77B171A0F6B0046E9C2 /* Build configuration list for PBXProject "C_ARR" */ = {
			isa = XCConfigurationList;
			buildConfigurations = (
				5674C787171A0F6C0046E9C2 /* Debug */,
				5674C788171A0F6C0046E9C2 /* Release */,
			);
			defaultConfigurationIsVisible = 0;
			defaultConfigurationName = Release;
		};
		5674C789171A0F6C0046E9C2 /* Build configuration list for PBXNativeTarget "C_ARR" */ = {
			isa = XCConfigurationList;
			buildConfigurations = (
				5674C78A171A0F6C0046E9C2 /* Debug */,
				5674C78B171A0F6C0046E9C2 /* Release */,
			);
			defaultConfigurationIsVisible = 0;
			defaultConfigurationName = Release;
		};
/* End XCConfigurationList section */
	};
	rootObject = 5674C778171A0F6B0046E9C2 /* Project object */;
}
